// !$*UTF8*$!
{
	archiveVersion = 1;
	classes = {
	};
	objectVersion = 56;
	objects = {

/* Begin PBXBuildFile section */
		235165082C2A0A6200F38F2D /* SwiftUICoordinatorApp.swift in Sources */ = {isa = PBXBuildFile; fileRef = 235165072C2A0A6200F38F2D /* SwiftUICoordinatorApp.swift */; };
		2351650A2C2A0A6200F38F2D /* ContentView.swift in Sources */ = {isa = PBXBuildFile; fileRef = 235165092C2A0A6200F38F2D /* ContentView.swift */; };
		2351650C2C2A0A6400F38F2D /* Assets.xcassets in Resources */ = {isa = PBXBuildFile; fileRef = 2351650B2C2A0A6400F38F2D /* Assets.xcassets */; };
		235165102C2A0A6400F38F2D /* Preview Assets.xcassets in Resources */ = {isa = PBXBuildFile; fileRef = 2351650F2C2A0A6400F38F2D /* Preview Assets.xcassets */; };
		235165172C2A0A8300F38F2D /* AppleView.swift in Sources */ = {isa = PBXBuildFile; fileRef = 235165162C2A0A8300F38F2D /* AppleView.swift */; };
		235165192C2A0A8B00F38F2D /* OrangeView.swift in Sources */ = {isa = PBXBuildFile; fileRef = 235165182C2A0A8B00F38F2D /* OrangeView.swift */; };
		2351651B2C2A0A9400F38F2D /* BananaView.swift in Sources */ = {isa = PBXBuildFile; fileRef = 2351651A2C2A0A9400F38F2D /* BananaView.swift */; };
		2351651D2C2A0A9D00F38F2D /* CherryView.swift in Sources */ = {isa = PBXBuildFile; fileRef = 2351651C2C2A0A9D00F38F2D /* CherryView.swift */; };
		2351651F2C2A0AA700F38F2D /* StrawberryView.swift in Sources */ = {isa = PBXBuildFile; fileRef = 2351651E2C2A0AA700F38F2D /* StrawberryView.swift */; };
/* End PBXBuildFile section */

/* Begin PBXFileReference section */
		235165042C2A0A6200F38F2D /* SwiftUICoordinator.app */ = {isa = PBXFileReference; explicitFileType = wrapper.application; includeInIndex = 0; path = SwiftUICoordinator.app; sourceTree = BUILT_PRODUCTS_DIR; };
		235165072C2A0A6200F38F2D /* SwiftUICoordinatorApp.swift */ = {isa = PBXFileReference; lastKnownFileType = sourcecode.swift; path = SwiftUICoordinatorApp.swift; sourceTree = "<group>"; };
		235165092C2A0A6200F38F2D /* ContentView.swift */ = {isa = PBXFileReference; lastKnownFileType = sourcecode.swift; path = ContentView.swift; sourceTree = "<group>"; };
		2351650B2C2A0A6400F38F2D /* Assets.xcassets */ = {isa = PBXFileReference; lastKnownFileType = folder.assetcatalog; path = Assets.xcassets; sourceTree = "<group>"; };
		2351650D2C2A0A6400F38F2D /* SwiftUICoordinator.entitlements */ = {isa = PBXFileReference; lastKnownFileType = text.plist.entitlements; path = SwiftUICoordinator.entitlements; sourceTree = "<group>"; };
		2351650F2C2A0A6400F38F2D /* Preview Assets.xcassets */ = {isa = PBXFileReference; lastKnownFileType = folder.assetcatalog; path = "Preview Assets.xcassets"; sourceTree = "<group>"; };
		235165162C2A0A8300F38F2D /* AppleView.swift */ = {isa = PBXFileReference; lastKnownFileType = sourcecode.swift; path = AppleView.swift; sourceTree = "<group>"; };
		235165182C2A0A8B00F38F2D /* OrangeView.swift */ = {isa = PBXFileReference; lastKnownFileType = sourcecode.swift; path = OrangeView.swift; sourceTree = "<group>"; };
		2351651A2C2A0A9400F38F2D /* BananaView.swift */ = {isa = PBXFileReference; lastKnownFileType = sourcecode.swift; path = BananaView.swift; sourceTree = "<group>"; };
		2351651C2C2A0A9D00F38F2D /* CherryView.swift */ = {isa = PBXFileReference; lastKnownFileType = sourcecode.swift; path = CherryView.swift; sourceTree = "<group>"; };
		2351651E2C2A0AA700F38F2D /* StrawberryView.swift */ = {isa = PBXFileReference; lastKnownFileType = sourcecode.swift; path = StrawberryView.swift; sourceTree = "<group>"; };
/* End PBXFileReference section */

/* Begin PBXFrameworksBuildPhase section */
		235165012C2A0A6200F38F2D /* Frameworks */ = {
			isa = PBXFrameworksBuildPhase;
			buildActionMask = 2147483647;
			files = (
			);
			runOnlyForDeploymentPostprocessing = 0;
		};
/* End PBXFrameworksBuildPhase section */

/* Begin PBXGroup section */
		235164FB2C2A0A6200F38F2D = {
			isa = PBXGroup;
			children = (
				235165062C2A0A6200F38F2D /* SwiftUICoordinator */,
				235165052C2A0A6200F38F2D /* Products */,
			);
			sourceTree = "<group>";
		};
		235165052C2A0A6200F38F2D /* Products */ = {
			isa = PBXGroup;
			children = (
				235165042C2A0A6200F38F2D /* SwiftUICoordinator.app */,
			);
			name = Products;
			sourceTree = "<group>";
		};
		235165062C2A0A6200F38F2D /* SwiftUICoordinator */ = {
			isa = PBXGroup;
			children = (
				235165202C2A0AE900F38F2D /* Views */,
				235165072C2A0A6200F38F2D /* SwiftUICoordinatorApp.swift */,
				235165092C2A0A6200F38F2D /* ContentView.swift */,
				2351650B2C2A0A6400F38F2D /* Assets.xcassets */,
				2351650D2C2A0A6400F38F2D /* SwiftUICoordinator.entitlements */,
				2351650E2C2A0A6400F38F2D /* Preview Content */,
			);
			path = SwiftUICoordinator;
			sourceTree = "<group>";
		};
		2351650E2C2A0A6400F38F2D /* Preview Content */ = {
			isa = PBXGroup;
			children = (
				2351650F2C2A0A6400F38F2D /* Preview Assets.xcassets */,
			);
			path = "Preview Content";
			sourceTree = "<group>";
		};
		235165202C2A0AE900F38F2D /* Views */ = {
			isa = PBXGroup;
			children = (
				235165162C2A0A8300F38F2D /* AppleView.swift */,
				235165182C2A0A8B00F38F2D /* OrangeView.swift */,
				2351651A2C2A0A9400F38F2D /* BananaView.swift */,
				2351651C2C2A0A9D00F38F2D /* CherryView.swift */,
				2351651E2C2A0AA700F38F2D /* StrawberryView.swift */,
			);
			path = Views;
			sourceTree = "<group>";
		};
/* End PBXGroup section */

/* Begin PBXNativeTarget section */
		235165032C2A0A6200F38F2D /* SwiftUICoordinator */ = {
			isa = PBXNativeTarget;
			buildConfigurationList = 235165132C2A0A6400F38F2D /* Build configuration list for PBXNativeTarget "SwiftUICoordinator" */;
			buildPhases = (
				235165002C2A0A6200F38F2D /* Sources */,
				235165012C2A0A6200F38F2D /* Frameworks */,
				235165022C2A0A6200F38F2D /* Resources */,
			);
			buildRules = (
			);
			dependencies = (
			);
			name = SwiftUICoordinator;
			productName = SwiftUICoordinator;
			productReference = 235165042C2A0A6200F38F2D /* SwiftUICoordinator.app */;
			productType = "com.apple.product-type.application";
		};
/* End PBXNativeTarget section */

/* Begin PBXProject section */
		235164FC2C2A0A6200F38F2D /* Project object */ = {
			isa = PBXProject;
			attributes = {
				BuildIndependentTargetsInParallel = 1;
				LastSwiftUpdateCheck = 1540;
				LastUpgradeCheck = 1540;
				TargetAttributes = {
					235165032C2A0A6200F38F2D = {
						CreatedOnToolsVersion = 15.4;
					};
				};
			};
			buildConfigurationList = 235164FF2C2A0A6200F38F2D /* Build configuration list for PBXProject "SwiftUICoordinator" */;
			compatibilityVersion = "Xcode 14.0";
			developmentRegion = en;
			hasScannedForEncodings = 0;
			knownRegions = (
				en,
				Base,
			);
			mainGroup = 235164FB2C2A0A6200F38F2D;
			productRefGroup = 235165052C2A0A6200F38F2D /* Products */;
			projectDirPath = "";
			projectRoot = "";
			targets = (
				235165032C2A0A6200F38F2D /* SwiftUICoordinator */,
			);
		};
/* End PBXProject section */

/* Begin PBXResourcesBuildPhase section */
		235165022C2A0A6200F38F2D /* Resources */ = {
			isa = PBXResourcesBuildPhase;
			buildActionMask = 2147483647;
			files = (
				235165102C2A0A6400F38F2D /* Preview Assets.xcassets in Resources */,
				2351650C2C2A0A6400F38F2D /* Assets.xcassets in Resources */,
			);
			runOnlyForDeploymentPostprocessing = 0;
		};
/* End PBXResourcesBuildPhase section */

/* Begin PBXSourcesBuildPhase section */
		235165002C2A0A6200F38F2D /* Sources */ = {
			isa = PBXSourcesBuildPhase;
			buildActionMask = 2147483647;
			files = (
				2351650A2C2A0A6200F38F2D /* ContentView.swift in Sources */,
				235165172C2A0A8300F38F2D /* AppleView.swift in Sources */,
				2351651F2C2A0AA700F38F2D /* StrawberryView.swift in Sources */,
				235165192C2A0A8B00F38F2D /* OrangeView.swift in Sources */,
				2351651D2C2A0A9D00F38F2D /* CherryView.swift in Sources */,
				235165082C2A0A6200F38F2D /* SwiftUICoordinatorApp.swift in Sources */,
				2351651B2C2A0A9400F38F2D /* BananaView.swift in Sources */,
			);
			runOnlyForDeploymentPostprocessing = 0;
		};
/* End PBXSourcesBuildPhase section */

/* Begin XCBuildConfiguration section */
		235165112C2A0A6400F38F2D /* Debug */ = {
			isa = XCBuildConfiguration;
			buildSettings = {
				ALWAYS_SEARCH_USER_PATHS = NO;
				ASSETCATALOG_COMPILER_GENERATE_SWIFT_ASSET_SYMBOL_EXTENSIONS = YES;
				CLANG_ANALYZER_NONNULL = YES;
				CLANG_ANALYZER_NUMBER_OBJECT_CONVERSION = YES_AGGRESSIVE;
				CLANG_CXX_LANGUAGE_STANDARD = "gnu++20";
				CLANG_ENABLE_MODULES = YES;
				CLANG_ENABLE_OBJC_ARC = YES;
				CLANG_ENABLE_OBJC_WEAK = YES;
				CLANG_WARN_BLOCK_CAPTURE_AUTORELEASING = YES;
				CLANG_WARN_BOOL_CONVERSION = YES;
				CLANG_WARN_COMMA = YES;
				CLANG_WARN_CONSTANT_CONVERSION = YES;
				CLANG_WARN_DEPRECATED_OBJC_IMPLEMENTATIONS = YES;
				CLANG_WARN_DIRECT_OBJC_ISA_USAGE = YES_ERROR;
				CLANG_WARN_DOCUMENTATION_COMMENTS = YES;
				CLANG_WARN_EMPTY_BODY = YES;
				CLANG_WARN_ENUM_CONVERSION = YES;
				CLANG_WARN_INFINITE_RECURSION = YES;
				CLANG_WARN_INT_CONVERSION = YES;
				CLANG_WARN_NON_LITERAL_NULL_CONVERSION = YES;
				CLANG_WARN_OBJC_IMPLICIT_RETAIN_SELF = YES;
				CLANG_WARN_OBJC_LITERAL_CONVERSION = YES;
				CLANG_WARN_OBJC_ROOT_CLASS = YES_ERROR;
				CLANG_WARN_QUOTED_INCLUDE_IN_FRAMEWORK_HEADER = YES;
				CLANG_WARN_RANGE_LOOP_ANALYSIS = YES;
				CLANG_WARN_STRICT_PROTOTYPES = YES;
				CLANG_WARN_SUSPICIOUS_MOVE = YES;
				CLANG_WARN_UNGUARDED_AVAILABILITY = YES_AGGRESSIVE;
				CLANG_WARN_UNREACHABLE_CODE = YES;
				CLANG_WARN__DUPLICATE_METHOD_MATCH = YES;
				COPY_PHASE_STRIP = NO;
				DEBUG_INFORMATION_FORMAT = dwarf;
				ENABLE_STRICT_OBJC_MSGSEND = YES;
				ENABLE_TESTABILITY = YES;
				ENABLE_USER_SCRIPT_SANDBOXING = YES;
				GCC_C_LANGUAGE_STANDARD = gnu17;
				GCC_DYNAMIC_NO_PIC = NO;
				GCC_NO_COMMON_BLOCKS = YES;
				GCC_OPTIMIZATION_LEVEL = 0;
				GCC_PREPROCESSOR_DEFINITIONS = (
					"DEBUG=1",
					"$(inherited)",
				);
				GCC_WARN_64_TO_32_BIT_CONVERSION = YES;
				GCC_WARN_ABOUT_RETURN_TYPE = YES_ERROR;
				GCC_WARN_UNDECLARED_SELECTOR = YES;
				GCC_WARN_UNINITIALIZED_AUTOS = YES_AGGRESSIVE;
				GCC_WARN_UNUSED_FUNCTION = YES;
				GCC_WARN_UNUSED_VARIABLE = YES;
				LOCALIZATION_PREFERS_STRING_CATALOGS = YES;
				MTL_ENABLE_DEBUG_INFO = INCLUDE_SOURCE;
				MTL_FAST_MATH = YES;
				ONLY_ACTIVE_ARCH = YES;
				SWIFT_ACTIVE_COMPILATION_CONDITIONS = "DEBUG $(inherited)";
				SWIFT_OPTIMIZATION_LEVEL = "-Onone";
			};
			name = Debug;
		};
		235165122C2A0A6400F38F2D /* Release */ = {
			isa = XCBuildConfiguration;
			buildSettings = {
				ALWAYS_SEARCH_USER_PATHS = NO;
				ASSETCATALOG_COMPILER_GENERATE_SWIFT_ASSET_SYMBOL_EXTENSIONS = YES;
				CLANG_ANALYZER_NONNULL = YES;
				CLANG_ANALYZER_NUMBER_OBJECT_CONVERSION = YES_AGGRESSIVE;
				CLANG_CXX_LANGUAGE_STANDARD = "gnu++20";
				CLANG_ENABLE_MODULES = YES;
				CLANG_ENABLE_OBJC_ARC = YES;
				CLANG_ENABLE_OBJC_WEAK = YES;
				CLANG_WARN_BLOCK_CAPTURE_AUTORELEASING = YES;
				CLANG_WARN_BOOL_CONVERSION = YES;
				CLANG_WARN_COMMA = YES;
				CLANG_WARN_CONSTANT_CONVERSION = YES;
				CLANG_WARN_DEPRECATED_OBJC_IMPLEMENTATIONS = YES;
				CLANG_WARN_DIRECT_OBJC_ISA_USAGE = YES_ERROR;
				CLANG_WARN_DOCUMENTATION_COMMENTS = YES;
				CLANG_WARN_EMPTY_BODY = YES;
				CLANG_WARN_ENUM_CONVERSION = YES;
				CLANG_WARN_INFINITE_RECURSION = YES;
				CLANG_WARN_INT_CONVERSION = YES;
				CLANG_WARN_NON_LITERAL_NULL_CONVERSION = YES;
				CLANG_WARN_OBJC_IMPLICIT_RETAIN_SELF = YES;
				CLANG_WARN_OBJC_LITERAL_CONVERSION = YES;
				CLANG_WARN_OBJC_ROOT_CLASS = YES_ERROR;
				CLANG_WARN_QUOTED_INCLUDE_IN_FRAMEWORK_HEADER = YES;
				CLANG_WARN_RANGE_LOOP_ANALYSIS = YES;
				CLANG_WARN_STRICT_PROTOTYPES = YES;
				CLANG_WARN_SUSPICIOUS_MOVE = YES;
				CLANG_WARN_UNGUARDED_AVAILABILITY = YES_AGGRESSIVE;
				CLANG_WARN_UNREACHABLE_CODE = YES;
				CLANG_WARN__DUPLICATE_METHOD_MATCH = YES;
				COPY_PHASE_STRIP = NO;
				DEBUG_INFORMATION_FORMAT = "dwarf-with-dsym";
				ENABLE_NS_ASSERTIONS = NO;
				ENABLE_STRICT_OBJC_MSGSEND = YES;
				ENABLE_USER_SCRIPT_SANDBOXING = YES;
				GCC_C_LANGUAGE_STANDARD = gnu17;
				GCC_NO_COMMON_BLOCKS = YES;
				GCC_WARN_64_TO_32_BIT_CONVERSION = YES;
				GCC_WARN_ABOUT_RETURN_TYPE = YES_ERROR;
				GCC_WARN_UNDECLARED_SELECTOR = YES;
				GCC_WARN_UNINITIALIZED_AUTOS = YES_AGGRESSIVE;
				GCC_WARN_UNUSED_FUNCTION = YES;
				GCC_WARN_UNUSED_VARIABLE = YES;
				LOCALIZATION_PREFERS_STRING_CATALOGS = YES;
				MTL_ENABLE_DEBUG_INFO = NO;
				MTL_FAST_MATH = YES;
				SWIFT_COMPILATION_MODE = wholemodule;
			};
			name = Release;
		};
		235165142C2A0A6400F38F2D /* Debug */ = {
			isa = XCBuildConfiguration;
			buildSettings = {
				ASSETCATALOG_COMPILER_APPICON_NAME = AppIcon;
				ASSETCATALOG_COMPILER_GLOBAL_ACCENT_COLOR_NAME = AccentColor;
				CODE_SIGN_ENTITLEMENTS = SwiftUICoordinator/SwiftUICoordinator.entitlements;
				CODE_SIGN_STYLE = Automatic;
				CURRENT_PROJECT_VERSION = 1;
				DEVELOPMENT_ASSET_PATHS = "\"SwiftUICoordinator/Preview Content\"";
				DEVELOPMENT_TEAM = XCGG939VD9;
				ENABLE_HARDENED_RUNTIME = YES;
				ENABLE_PREVIEWS = YES;
				GENERATE_INFOPLIST_FILE = YES;
				"INFOPLIST_KEY_UIApplicationSceneManifest_Generation[sdk=iphoneos*]" = YES;
				"INFOPLIST_KEY_UIApplicationSceneManifest_Generation[sdk=iphonesimulator*]" = YES;
				"INFOPLIST_KEY_UIApplicationSupportsIndirectInputEvents[sdk=iphoneos*]" = YES;
				"INFOPLIST_KEY_UIApplicationSupportsIndirectInputEvents[sdk=iphonesimulator*]" = YES;
				"INFOPLIST_KEY_UILaunchScreen_Generation[sdk=iphoneos*]" = YES;
				"INFOPLIST_KEY_UILaunchScreen_Generation[sdk=iphonesimulator*]" = YES;
				"INFOPLIST_KEY_UIStatusBarStyle[sdk=iphoneos*]" = UIStatusBarStyleDefault;
				"INFOPLIST_KEY_UIStatusBarStyle[sdk=iphonesimulator*]" = UIStatusBarStyleDefault;
				INFOPLIST_KEY_UISupportedInterfaceOrientations_iPad = "UIInterfaceOrientationPortrait UIInterfaceOrientationPortraitUpsideDown UIInterfaceOrientationLandscapeLeft UIInterfaceOrientationLandscapeRight";
				INFOPLIST_KEY_UISupportedInterfaceOrientations_iPhone = "UIInterfaceOrientationPortrait UIInterfaceOrientationLandscapeLeft UIInterfaceOrientationLandscapeRight";
				IPHONEOS_DEPLOYMENT_TARGET = 17.5;
				LD_RUNPATH_SEARCH_PATHS = "@executable_path/Frameworks";
				"LD_RUNPATH_SEARCH_PATHS[sdk=macosx*]" = "@executable_path/../Frameworks";
				MACOSX_DEPLOYMENT_TARGET = 14.5;
				MARKETING_VERSION = 1.0;
				PRODUCT_BUNDLE_IDENTIFIER = com.jihadchama.SwiftUICoordinator;
				PRODUCT_NAME = "$(TARGET_NAME)";
				SDKROOT = auto;
				SUPPORTED_PLATFORMS = "iphoneos iphonesimulator macosx";
				SWIFT_EMIT_LOC_STRINGS = YES;
				SWIFT_VERSION = 5.0;
				TARGETED_DEVICE_FAMILY = "1,2";
			};
			name = Debug;
		};
		235165152C2A0A6400F38F2D /* Release */ = {
			isa = XCBuildConfiguration;
			buildSettings = {
				ASSETCATALOG_COMPILER_APPICON_NAME = AppIcon;
				ASSETCATALOG_COMPILER_GLOBAL_ACCENT_COLOR_NAME = AccentColor;
				CODE_SIGN_ENTITLEMENTS = SwiftUICoordinator/SwiftUICoordinator.entitlements;
				CODE_SIGN_STYLE = Automatic;
				CURRENT_PROJECT_VERSION = 1;
				DEVELOPMENT_ASSET_PATHS = "\"SwiftUICoordinator/Preview Content\"";
				DEVELOPMENT_TEAM = XCGG939VD9;
				ENABLE_HARDENED_RUNTIME = YES;
				ENABLE_PREVIEWS = YES;
				GENERATE_INFOPLIST_FILE = YES;
				"INFOPLIST_KEY_UIApplicationSceneManifest_Generation[sdk=iphoneos*]" = YES;
				"INFOPLIST_KEY_UIApplicationSceneManifest_Generation[sdk=iphonesimulator*]" = YES;
				"INFOPLIST_KEY_UIApplicationSupportsIndirectInputEvents[sdk=iphoneos*]" = YES;
				"INFOPLIST_KEY_UIApplicationSupportsIndirectInputEvents[sdk=iphonesimulator*]" = YES;
				"INFOPLIST_KEY_UILaunchScreen_Generation[sdk=iphoneos*]" = YES;
				"INFOPLIST_KEY_UILaunchScreen_Generation[sdk=iphonesimulator*]" = YES;
				"INFOPLIST_KEY_UIStatusBarStyle[sdk=iphoneos*]" = UIStatusBarStyleDefault;
				"INFOPLIST_KEY_UIStatusBarStyle[sdk=iphonesimulator*]" = UIStatusBarStyleDefault;
				INFOPLIST_KEY_UISupportedInterfaceOrientations_iPad = "UIInterfaceOrientationPortrait UIInterfaceOrientationPortraitUpsideDown UIInterfaceOrientationLandscapeLeft UIInterfaceOrientationLandscapeRight";
				INFOPLIST_KEY_UISupportedInterfaceOrientations_iPhone = "UIInterfaceOrientationPortrait UIInterfaceOrientationLandscapeLeft UIInterfaceOrientationLandscapeRight";
				IPHONEOS_DEPLOYMENT_TARGET = 17.5;
				LD_RUNPATH_SEARCH_PATHS = "@executable_path/Frameworks";
				"LD_RUNPATH_SEARCH_PATHS[sdk=macosx*]" = "@executable_path/../Frameworks";
				MACOSX_DEPLOYMENT_TARGET = 14.5;
				MARKETING_VERSION = 1.0;
				PRODUCT_BUNDLE_IDENTIFIER = com.jihadchama.SwiftUICoordinator;
				PRODUCT_NAME = "$(TARGET_NAME)";
				SDKROOT = auto;
				SUPPORTED_PLATFORMS = "iphoneos iphonesimulator macosx";
				SWIFT_EMIT_LOC_STRINGS = YES;
				SWIFT_VERSION = 5.0;
				TARGETED_DEVICE_FAMILY = "1,2";
			};
			name = Release;
		};
/* End XCBuildConfiguration section */

/* Begin XCConfigurationList section */
		235164FF2C2A0A6200F38F2D /* Build configuration list for PBXProject "SwiftUICoordinator" */ = {
			isa = XCConfigurationList;
			buildConfigurations = (
				235165112C2A0A6400F38F2D /* Debug */,
				235165122C2A0A6400F38F2D /* Release */,
			);
			defaultConfigurationIsVisible = 0;
			defaultConfigurationName = Release;
		};
		235165132C2A0A6400F38F2D /* Build configuration list for PBXNativeTarget "SwiftUICoordinator" */ = {
			isa = XCConfigurationList;
			buildConfigurations = (
				235165142C2A0A6400F38F2D /* Debug */,
				235165152C2A0A6400F38F2D /* Release */,
			);
			defaultConfigurationIsVisible = 0;
			defaultConfigurationName = Release;
		};
/* End XCConfigurationList section */
	};
	rootObject = 235164FC2C2A0A6200F38F2D /* Project object */;
}
